
Microsoft Visual Studio Solution File, Format Version 12.00
# Visual Studio 14
VisualStudioVersion = 14.0.22823.1
MinimumVisualStudioVersion = 10.0.40219.1
Project("{FAE04EC0-301F-11D3-BF4B-00C04F79EFBC}") = "FleetDomain", "FleetDomain\FleetDomain.csproj", "{510EF020-E725-42AC-9069-726C15026E96}"
EndProject
Project("{FAE04EC0-301F-11D3-BF4B-00C04F79EFBC}") = "CatalystFleet", "CatalystFleet\CatalystFleet.csproj", "{1082EB67-B006-495F-9765-A5649BAC250B}"
EndProject
Global
	GlobalSection(SolutionConfigurationPlatforms) = preSolution
		Debug|Any CPU = Debug|Any CPU
		Release|Any CPU = Release|Any CPU
	EndGlobalSection
	GlobalSection(ProjectConfigurationPlatforms) = postSolution
		{510EF020-E725-42AC-9069-726C15026E96}.Debug|Any CPU.ActiveCfg = Debug|Any CPU
		{510EF020-E725-42AC-9069-726C15026E96}.Debug|Any CPU.Build.0 = Debug|Any CPU
		{510EF020-E725-42AC-9069-726C15026E96}.Release|Any CPU.ActiveCfg = Release|Any CPU
		{510EF020-E725-42AC-9069-726C15026E96}.Release|Any CPU.Build.0 = Release|Any CPU
		{1082EB67-B006-495F-9765-A5649BAC250B}.Debug|Any CPU.ActiveCfg = Debug|Any CPU
		{1082EB67-B006-495F-9765-A5649BAC250B}.Debug|Any CPU.Build.0 = Debug|Any CPU
		{1082EB67-B006-495F-9765-A5649BAC250B}.Release|Any CPU.ActiveCfg = Release|Any CPU
		{1082EB67-B006-495F-9765-A5649BAC250B}.Release|Any CPU.Build.0 = Release|Any CPU
	EndGlobalSection
	GlobalSection(SolutionProperties) = preSolution
		HideSolutionNode = FALSE
	EndGlobalSection
EndGlobal
